
Microsoft Visual Studio Solution File, Format Version 12.00
# Visual Studio Version 17
VisualStudioVersion = 17.5.33414.496
MinimumVisualStudioVersion = 10.0.40219.1
Project("{FAE04EC0-301F-11D3-BF4B-00C04F79EFBC}") = "GR2", "GR2.csproj", "{38527543-C1DE-4D83-AB7A-3045A005A19B}"
EndProject
Global
	GlobalSection(SolutionConfigurationPlatforms) = preSolution
		Debug|Any CPU = Debug|Any CPU
		Release|Any CPU = Release|Any CPU
	EndGlobalSection
	GlobalSection(ProjectConfigurationPlatforms) = postSolution
		{38527543-C1DE-4D83-AB7A-3045A005A19B}.Debug|Any CPU.ActiveCfg = Debug|Any CPU
		{38527543-C1DE-4D83-AB7A-3045A005A19B}.Debug|Any CPU.Build.0 = Debug|Any CPU
		{38527543-C1DE-4D83-AB7A-3045A005A19B}.Release|Any CPU.ActiveCfg = Release|Any CPU
		{38527543-C1DE-4D83-AB7A-3045A005A19B}.Release|Any CPU.Build.0 = Release|Any CPU
	EndGlobalSection
	GlobalSection(SolutionProperties) = preSolution
		HideSolutionNode = FALSE
	EndGlobalSection
	GlobalSection(ExtensibilityGlobals) = postSolution
		SolutionGuid = {AB8520A9-F131-4788-97B3-19F9A465B355}
	EndGlobalSection
EndGlobal
