
Microsoft Visual Studio Solution File, Format Version 12.00
# Visual Studio Version 17
VisualStudioVersion = 17.5.33414.496
MinimumVisualStudioVersion = 10.0.40219.1
Project("{9A19103F-16F7-4668-BE54-9A1E7A4F7556}") = "Pluralize", "Pluralize.csproj", "{AE15F761-D94C-4F4F-9343-15249039EA1B}"
EndProject
Global
	GlobalSection(SolutionConfigurationPlatforms) = preSolution
		Debug|Any CPU = Debug|Any CPU
		Release|Any CPU = Release|Any CPU
	EndGlobalSection
	GlobalSection(ProjectConfigurationPlatforms) = postSolution
		{AE15F761-D94C-4F4F-9343-15249039EA1B}.Debug|Any CPU.ActiveCfg = Debug|Any CPU
		{AE15F761-D94C-4F4F-9343-15249039EA1B}.Debug|Any CPU.Build.0 = Debug|Any CPU
		{AE15F761-D94C-4F4F-9343-15249039EA1B}.Release|Any CPU.ActiveCfg = Release|Any CPU
		{AE15F761-D94C-4F4F-9343-15249039EA1B}.Release|Any CPU.Build.0 = Release|Any CPU
	EndGlobalSection
	GlobalSection(SolutionProperties) = preSolution
		HideSolutionNode = FALSE
	EndGlobalSection
	GlobalSection(ExtensibilityGlobals) = postSolution
		SolutionGuid = {F3898B6C-F281-4C1E-ADEB-F6D509D2C5AB}
	EndGlobalSection
EndGlobal
