
Microsoft Visual Studio Solution File, Format Version 12.00
# Visual Studio Version 17
VisualStudioVersion = 17.5.33414.496
MinimumVisualStudioVersion = 10.0.40219.1
Project("{9A19103F-16F7-4668-BE54-9A1E7A4F7556}") = "RefactorMe", "RefactorMe.csproj", "{2F50441A-038E-4257-8C6F-BF930FFECBEC}"
EndProject
Global
	GlobalSection(SolutionConfigurationPlatforms) = preSolution
		Debug|Any CPU = Debug|Any CPU
		Release|Any CPU = Release|Any CPU
	EndGlobalSection
	GlobalSection(ProjectConfigurationPlatforms) = postSolution
		{2F50441A-038E-4257-8C6F-BF930FFECBEC}.Debug|Any CPU.ActiveCfg = Debug|Any CPU
		{2F50441A-038E-4257-8C6F-BF930FFECBEC}.Debug|Any CPU.Build.0 = Debug|Any CPU
		{2F50441A-038E-4257-8C6F-BF930FFECBEC}.Release|Any CPU.ActiveCfg = Release|Any CPU
		{2F50441A-038E-4257-8C6F-BF930FFECBEC}.Release|Any CPU.Build.0 = Release|Any CPU
	EndGlobalSection
	GlobalSection(SolutionProperties) = preSolution
		HideSolutionNode = FALSE
	EndGlobalSection
	GlobalSection(ExtensibilityGlobals) = postSolution
		SolutionGuid = {F816FDD8-C038-4F05-A4B5-68DE470AA1ED}
	EndGlobalSection
EndGlobal
