
Microsoft Visual Studio Solution File, Format Version 12.00
# Visual Studio Version 17
VisualStudioVersion = 17.7.34003.232
MinimumVisualStudioVersion = 10.0.40219.1
Project("{9A19103F-16F7-4668-BE54-9A1E7A4F7556}") = "Passwords", "Passwords.csproj", "{4361C0B1-7124-43B7-A5F4-6A223A004B49}"
EndProject
Global
	GlobalSection(SolutionConfigurationPlatforms) = preSolution
		Debug|Any CPU = Debug|Any CPU
		Release|Any CPU = Release|Any CPU
	EndGlobalSection
	GlobalSection(ProjectConfigurationPlatforms) = postSolution
		{4361C0B1-7124-43B7-A5F4-6A223A004B49}.Debug|Any CPU.ActiveCfg = Debug|Any CPU
		{4361C0B1-7124-43B7-A5F4-6A223A004B49}.Debug|Any CPU.Build.0 = Debug|Any CPU
		{4361C0B1-7124-43B7-A5F4-6A223A004B49}.Release|Any CPU.ActiveCfg = Release|Any CPU
		{4361C0B1-7124-43B7-A5F4-6A223A004B49}.Release|Any CPU.Build.0 = Release|Any CPU
	EndGlobalSection
	GlobalSection(SolutionProperties) = preSolution
		HideSolutionNode = FALSE
	EndGlobalSection
	GlobalSection(ExtensibilityGlobals) = postSolution
		SolutionGuid = {B58E4AA0-D440-40C9-AE9D-24D768A4926D}
	EndGlobalSection
EndGlobal
