
Microsoft Visual Studio Solution File, Format Version 12.00
# Visual Studio Version 17
VisualStudioVersion = 17.7.34003.232
MinimumVisualStudioVersion = 10.0.40219.1
Project("{9A19103F-16F7-4668-BE54-9A1E7A4F7556}") = "Image", "Image.csproj", "{58E790C2-E7F1-4657-A37D-5A1864A2D25B}"
EndProject
Global
	GlobalSection(SolutionConfigurationPlatforms) = preSolution
		Debug|Any CPU = Debug|Any CPU
		Release|Any CPU = Release|Any CPU
	EndGlobalSection
	GlobalSection(ProjectConfigurationPlatforms) = postSolution
		{58E790C2-E7F1-4657-A37D-5A1864A2D25B}.Debug|Any CPU.ActiveCfg = Debug|Any CPU
		{58E790C2-E7F1-4657-A37D-5A1864A2D25B}.Debug|Any CPU.Build.0 = Debug|Any CPU
		{58E790C2-E7F1-4657-A37D-5A1864A2D25B}.Release|Any CPU.ActiveCfg = Release|Any CPU
		{58E790C2-E7F1-4657-A37D-5A1864A2D25B}.Release|Any CPU.Build.0 = Release|Any CPU
	EndGlobalSection
	GlobalSection(SolutionProperties) = preSolution
		HideSolutionNode = FALSE
	EndGlobalSection
	GlobalSection(ExtensibilityGlobals) = postSolution
		SolutionGuid = {75B6BFFB-6E82-4A3F-AB5C-37075418D82B}
	EndGlobalSection
EndGlobal
