
Microsoft Visual Studio Solution File, Format Version 12.00
# Visual Studio Version 17
VisualStudioVersion = 17.5.33414.496
MinimumVisualStudioVersion = 10.0.40219.1
Project("{9A19103F-16F7-4668-BE54-9A1E7A4F7556}") = "Greedy", "Greedy.csproj", "{9F1431DD-BF5F-4130-8CDF-7D9F4DA67E36}"
EndProject
Global
	GlobalSection(SolutionConfigurationPlatforms) = preSolution
		Debug|Any CPU = Debug|Any CPU
		Release|Any CPU = Release|Any CPU
	EndGlobalSection
	GlobalSection(ProjectConfigurationPlatforms) = postSolution
		{9F1431DD-BF5F-4130-8CDF-7D9F4DA67E36}.Debug|Any CPU.ActiveCfg = Debug|Any CPU
		{9F1431DD-BF5F-4130-8CDF-7D9F4DA67E36}.Debug|Any CPU.Build.0 = Debug|Any CPU
		{9F1431DD-BF5F-4130-8CDF-7D9F4DA67E36}.Release|Any CPU.ActiveCfg = Release|Any CPU
		{9F1431DD-BF5F-4130-8CDF-7D9F4DA67E36}.Release|Any CPU.Build.0 = Release|Any CPU
	EndGlobalSection
	GlobalSection(SolutionProperties) = preSolution
		HideSolutionNode = FALSE
	EndGlobalSection
	GlobalSection(ExtensibilityGlobals) = postSolution
		SolutionGuid = {F249E9B7-8AD2-4CFB-B3C9-C74122CE22F2}
	EndGlobalSection
EndGlobal
