
Microsoft Visual Studio Solution File, Format Version 12.00
# Visual Studio Version 17
VisualStudioVersion = 17.5.33414.496
MinimumVisualStudioVersion = 10.0.40219.1
Project("{9A19103F-16F7-4668-BE54-9A1E7A4F7556}") = "AngryBirds", "AngryBirds.csproj", "{958875EA-1529-4678-9738-21B38B876CA3}"
EndProject
Global
	GlobalSection(SolutionConfigurationPlatforms) = preSolution
		Debug|Any CPU = Debug|Any CPU
		Release|Any CPU = Release|Any CPU
	EndGlobalSection
	GlobalSection(ProjectConfigurationPlatforms) = postSolution
		{958875EA-1529-4678-9738-21B38B876CA3}.Debug|Any CPU.ActiveCfg = Debug|Any CPU
		{958875EA-1529-4678-9738-21B38B876CA3}.Debug|Any CPU.Build.0 = Debug|Any CPU
		{958875EA-1529-4678-9738-21B38B876CA3}.Release|Any CPU.ActiveCfg = Release|Any CPU
		{958875EA-1529-4678-9738-21B38B876CA3}.Release|Any CPU.Build.0 = Release|Any CPU
	EndGlobalSection
	GlobalSection(SolutionProperties) = preSolution
		HideSolutionNode = FALSE
	EndGlobalSection
	GlobalSection(ExtensibilityGlobals) = postSolution
		SolutionGuid = {5D7E845F-2F77-4F4A-91A3-88B97A4276C1}
	EndGlobalSection
EndGlobal
