
Microsoft Visual Studio Solution File, Format Version 12.00
# Visual Studio Version 17
VisualStudioVersion = 17.8.34330.188
MinimumVisualStudioVersion = 10.0.40219.1
Project("{9A19103F-16F7-4668-BE54-9A1E7A4F7556}") = "StructBenchmarking", "StructBenchmarking.csproj", "{8988312A-EA40-4CA9-9EF7-8FD7DB345134}"
EndProject
Global
	GlobalSection(SolutionConfigurationPlatforms) = preSolution
		Debug|Any CPU = Debug|Any CPU
		Release|Any CPU = Release|Any CPU
	EndGlobalSection
	GlobalSection(ProjectConfigurationPlatforms) = postSolution
		{8988312A-EA40-4CA9-9EF7-8FD7DB345134}.Debug|Any CPU.ActiveCfg = Debug|Any CPU
		{8988312A-EA40-4CA9-9EF7-8FD7DB345134}.Debug|Any CPU.Build.0 = Debug|Any CPU
		{8988312A-EA40-4CA9-9EF7-8FD7DB345134}.Release|Any CPU.ActiveCfg = Release|Any CPU
		{8988312A-EA40-4CA9-9EF7-8FD7DB345134}.Release|Any CPU.Build.0 = Release|Any CPU
	EndGlobalSection
	GlobalSection(SolutionProperties) = preSolution
		HideSolutionNode = FALSE
	EndGlobalSection
	GlobalSection(ExtensibilityGlobals) = postSolution
		SolutionGuid = {0849D679-5428-4E93-8781-6F6BF3CEDAB3}
	EndGlobalSection
EndGlobal
