
Microsoft Visual Studio Solution File, Format Version 12.00
# Visual Studio Version 17
VisualStudioVersion = 17.5.33414.496
MinimumVisualStudioVersion = 10.0.40219.1
Project("{9A19103F-16F7-4668-BE54-9A1E7A4F7556}") = "Dungeon", "Dungeon.csproj", "{B20438F7-4203-4AB0-84BF-B1AC7A9E838F}"
EndProject
Global
	GlobalSection(SolutionConfigurationPlatforms) = preSolution
		Debug|Any CPU = Debug|Any CPU
		Release|Any CPU = Release|Any CPU
	EndGlobalSection
	GlobalSection(ProjectConfigurationPlatforms) = postSolution
		{B20438F7-4203-4AB0-84BF-B1AC7A9E838F}.Debug|Any CPU.ActiveCfg = Debug|Any CPU
		{B20438F7-4203-4AB0-84BF-B1AC7A9E838F}.Debug|Any CPU.Build.0 = Debug|Any CPU
		{B20438F7-4203-4AB0-84BF-B1AC7A9E838F}.Release|Any CPU.ActiveCfg = Release|Any CPU
		{B20438F7-4203-4AB0-84BF-B1AC7A9E838F}.Release|Any CPU.Build.0 = Release|Any CPU
	EndGlobalSection
	GlobalSection(SolutionProperties) = preSolution
		HideSolutionNode = FALSE
	EndGlobalSection
	GlobalSection(ExtensibilityGlobals) = postSolution
		SolutionGuid = {DB944C04-C34F-4851-8AD4-61DD74498977}
	EndGlobalSection
EndGlobal
