
Microsoft Visual Studio Solution File, Format Version 12.00
# Visual Studio Version 17
VisualStudioVersion = 17.5.33414.496
MinimumVisualStudioVersion = 10.0.40219.1
Project("{9A19103F-16F7-4668-BE54-9A1E7A4F7556}") = "Rocket", "Rocket.csproj", "{B7588C4B-DF8C-41BE-84D6-6A665371886C}"
EndProject
Global
	GlobalSection(SolutionConfigurationPlatforms) = preSolution
		Debug|Any CPU = Debug|Any CPU
		Release|Any CPU = Release|Any CPU
	EndGlobalSection
	GlobalSection(ProjectConfigurationPlatforms) = postSolution
		{B7588C4B-DF8C-41BE-84D6-6A665371886C}.Debug|Any CPU.ActiveCfg = Debug|Any CPU
		{B7588C4B-DF8C-41BE-84D6-6A665371886C}.Debug|Any CPU.Build.0 = Debug|Any CPU
		{B7588C4B-DF8C-41BE-84D6-6A665371886C}.Release|Any CPU.ActiveCfg = Release|Any CPU
		{B7588C4B-DF8C-41BE-84D6-6A665371886C}.Release|Any CPU.Build.0 = Release|Any CPU
	EndGlobalSection
	GlobalSection(SolutionProperties) = preSolution
		HideSolutionNode = FALSE
	EndGlobalSection
	GlobalSection(ExtensibilityGlobals) = postSolution
		SolutionGuid = {1AF875C8-2BCB-4D68-8882-477114C693E0}
	EndGlobalSection
EndGlobal
