
Microsoft Visual Studio Solution File, Format Version 12.00
Project("{FAE04EC0-301F-11D3-BF4B-00C04F79EFBC}") = "Documentation", "Documentation.csproj", "{0B862C17-75A5-4E48-B848-D5D3C8BFF6E2}"
EndProject
Global
	GlobalSection(SolutionConfigurationPlatforms) = preSolution
		Debug|Any CPU = Debug|Any CPU
		Release|Any CPU = Release|Any CPU
	EndGlobalSection
	GlobalSection(ProjectConfigurationPlatforms) = postSolution
		{0B862C17-75A5-4E48-B848-D5D3C8BFF6E2}.Debug|Any CPU.ActiveCfg = Debug|Any CPU
		{0B862C17-75A5-4E48-B848-D5D3C8BFF6E2}.Debug|Any CPU.Build.0 = Debug|Any CPU
		{0B862C17-75A5-4E48-B848-D5D3C8BFF6E2}.Release|Any CPU.ActiveCfg = Release|Any CPU
		{0B862C17-75A5-4E48-B848-D5D3C8BFF6E2}.Release|Any CPU.Build.0 = Release|Any CPU
	EndGlobalSection
EndGlobal
